
Microsoft Visual Studio Solution File, Format Version 12.00
# Visual Studio 15
VisualStudioVersion = 15.0.27428.2015
MinimumVisualStudioVersion = 10.0.40219.1
Project("{FAE04EC0-301F-11D3-BF4B-00C04F79EFBC}") = "test001", "test001\test001.csproj", "{EE767545-1790-420F-88A4-CF3348CF40B3}"
EndProject
Project("{54435603-DBB4-11D2-8724-00A0C9A8B90C}") = "Setup1", "Setup1\Setup1.vdproj", "{42A047FC-7703-4794-87BF-A639FC39F730}"
EndProject
Global
	GlobalSection(SolutionConfigurationPlatforms) = preSolution
		Debug|Any CPU = Debug|Any CPU
		Release|Any CPU = Release|Any CPU
	EndGlobalSection
	GlobalSection(ProjectConfigurationPlatforms) = postSolution
		{EE767545-1790-420F-88A4-CF3348CF40B3}.Debug|Any CPU.ActiveCfg = Release|Any CPU
		{EE767545-1790-420F-88A4-CF3348CF40B3}.Debug|Any CPU.Build.0 = Release|Any CPU
		{EE767545-1790-420F-88A4-CF3348CF40B3}.Release|Any CPU.ActiveCfg = Release|Any CPU
		{EE767545-1790-420F-88A4-CF3348CF40B3}.Release|Any CPU.Build.0 = Release|Any CPU
		{42A047FC-7703-4794-87BF-A639FC39F730}.Debug|Any CPU.ActiveCfg = Release
		{42A047FC-7703-4794-87BF-A639FC39F730}.Debug|Any CPU.Build.0 = Release
		{42A047FC-7703-4794-87BF-A639FC39F730}.Release|Any CPU.ActiveCfg = Release
	EndGlobalSection
	GlobalSection(SolutionProperties) = preSolution
		HideSolutionNode = FALSE
	EndGlobalSection
	GlobalSection(ExtensibilityGlobals) = postSolution
		SolutionGuid = {8AA3B4B0-0DAD-4108-8746-0571617DEDEF}
	EndGlobalSection
EndGlobal
